# THIS IS AN AUTOGENERATED FILE. DO NOT EDIT THIS FILE DIRECTLY.
# yarn lockfile v1


fp-ts@2.6.1:
  version "2.6.1"
  resolved "https://registry.yarnpkg.com/fp-ts/-/fp-ts-2.6.1.tgz#f2505a4b44a77a344a1e451c667383e42f3728de"
  integrity sha512-ZYOgqEOvUuO59rvItjf1OniEG4k/ClY3rd+AiuRYbl3skY4X/s7Oig25/wvORjycjeOjjr5OO+VcpprLQQOpIQ==

io-ts@2.2.2:
  version "2.2.2"
  resolved "https://registry.yarnpkg.com/io-ts/-/io-ts-2.2.2.tgz#82b9ef96d95a3fb27a1abf5f29f59b07cc9b8cca"
  integrity sha512-cXXIL4CR5/sWfKw/Ssc/cbZJGG13J4pJv9/RN6SlWJyh+foAPEUE0I9sWTX1kG24dvhiCM9fpO4F+2AsP+WzaQ==

typescript@3.9.2:
  version "3.9.2"
  resolved "https://registry.yarnpkg.com/typescript/-/typescript-3.9.2.tgz#64e9c8e9be6ea583c54607677dd4680a1cf35db9"
  integrity sha512-q2ktq4n/uLuNNShyayit+DTobV2ApPEo/6so68JaD5ojvc/6GClBipedB9zNWYxRSAlZXAe405Rlijzl6qDiSw==
